// !$*UTF8*$!
{
	archiveVersion = 1;
	classes = {
	};
	objectVersion = 50;
	objects = {

/* Begin PBXBuildFile section */
		E7F998CC235699E800D69078 /* HondaPrelude.framework in Frameworks */ = {isa = PBXBuildFile; fileRef = E7F998C2235699E800D69078 /* HondaPrelude.framework */; };
		E7F998D1235699E800D69078 /* HondaPreludeTests.swift in Sources */ = {isa = PBXBuildFile; fileRef = E7F998D0235699E800D69078 /* HondaPreludeTests.swift */; };
		E7F998D3235699E800D69078 /* HondaPrelude.h in Headers */ = {isa = PBXBuildFile; fileRef = E7F998C5235699E800D69078 /* HondaPrelude.h */; settings = {ATTRIBUTES = (Public, ); }; };
		E7F998E023569A3A00D69078 /* Curry.swift in Sources */ = {isa = PBXBuildFile; fileRef = E7F998DD23569A3A00D69078 /* Curry.swift */; };
		E7F998E123569A3A00D69078 /* Apply.swift in Sources */ = {isa = PBXBuildFile; fileRef = E7F998DE23569A3A00D69078 /* Apply.swift */; };
		E7F998E223569A3A00D69078 /* Compose.swift in Sources */ = {isa = PBXBuildFile; fileRef = E7F998DF23569A3A00D69078 /* Compose.swift */; };
/* End PBXBuildFile section */

/* Begin PBXContainerItemProxy section */
		E7F998CD235699E800D69078 /* PBXContainerItemProxy */ = {
			isa = PBXContainerItemProxy;
			containerPortal = E7F998B9235699E700D69078 /* Project object */;
			proxyType = 1;
			remoteGlobalIDString = E7F998C1235699E800D69078;
			remoteInfo = HondaPrelude;
		};
/* End PBXContainerItemProxy section */

/* Begin PBXFileReference section */
		E7F998C2235699E800D69078 /* HondaPrelude.framework */ = {isa = PBXFileReference; explicitFileType = wrapper.framework; includeInIndex = 0; path = HondaPrelude.framework; sourceTree = BUILT_PRODUCTS_DIR; };
		E7F998C5235699E800D69078 /* HondaPrelude.h */ = {isa = PBXFileReference; lastKnownFileType = sourcecode.c.h; path = HondaPrelude.h; sourceTree = "<group>"; };
		E7F998C6235699E800D69078 /* Info.plist */ = {isa = PBXFileReference; lastKnownFileType = text.plist.xml; path = Info.plist; sourceTree = "<group>"; };
		E7F998CB235699E800D69078 /* HondaPreludeTests.xctest */ = {isa = PBXFileReference; explicitFileType = wrapper.cfbundle; includeInIndex = 0; path = HondaPreludeTests.xctest; sourceTree = BUILT_PRODUCTS_DIR; };
		E7F998D0235699E800D69078 /* HondaPreludeTests.swift */ = {isa = PBXFileReference; lastKnownFileType = sourcecode.swift; path = HondaPreludeTests.swift; sourceTree = "<group>"; };
		E7F998D2235699E800D69078 /* Info.plist */ = {isa = PBXFileReference; lastKnownFileType = text.plist.xml; path = Info.plist; sourceTree = "<group>"; };
		E7F998DD23569A3A00D69078 /* Curry.swift */ = {isa = PBXFileReference; fileEncoding = 4; lastKnownFileType = sourcecode.swift; path = Curry.swift; sourceTree = "<group>"; };
		E7F998DE23569A3A00D69078 /* Apply.swift */ = {isa = PBXFileReference; fileEncoding = 4; lastKnownFileType = sourcecode.swift; path = Apply.swift; sourceTree = "<group>"; };
		E7F998DF23569A3A00D69078 /* Compose.swift */ = {isa = PBXFileReference; fileEncoding = 4; lastKnownFileType = sourcecode.swift; path = Compose.swift; sourceTree = "<group>"; };
/* End PBXFileReference section */

/* Begin PBXFrameworksBuildPhase section */
		E7F998BF235699E800D69078 /* Frameworks */ = {
			isa = PBXFrameworksBuildPhase;
			buildActionMask = 2147483647;
			files = (
			);
			runOnlyForDeploymentPostprocessing = 0;
		};
		E7F998C8235699E800D69078 /* Frameworks */ = {
			isa = PBXFrameworksBuildPhase;
			buildActionMask = 2147483647;
			files = (
				E7F998CC235699E800D69078 /* HondaPrelude.framework in Frameworks */,
			);
			runOnlyForDeploymentPostprocessing = 0;
		};
/* End PBXFrameworksBuildPhase section */

/* Begin PBXGroup section */
		E7F998B8235699E700D69078 = {
			isa = PBXGroup;
			children = (
				E7F998C4235699E800D69078 /* HondaPrelude */,
				E7F998CF235699E800D69078 /* HondaPreludeTests */,
				E7F998C3235699E800D69078 /* Products */,
			);
			sourceTree = "<group>";
		};
		E7F998C3235699E800D69078 /* Products */ = {
			isa = PBXGroup;
			children = (
				E7F998C2235699E800D69078 /* HondaPrelude.framework */,
				E7F998CB235699E800D69078 /* HondaPreludeTests.xctest */,
			);
			name = Products;
			sourceTree = "<group>";
		};
		E7F998C4235699E800D69078 /* HondaPrelude */ = {
			isa = PBXGroup;
			children = (
				E7F998DC235699F200D69078 /* Source */,
				E7F998C5235699E800D69078 /* HondaPrelude.h */,
				E7F998C6235699E800D69078 /* Info.plist */,
			);
			path = HondaPrelude;
			sourceTree = "<group>";
		};
		E7F998CF235699E800D69078 /* HondaPreludeTests */ = {
			isa = PBXGroup;
			children = (
				E7F998D0235699E800D69078 /* HondaPreludeTests.swift */,
				E7F998D2235699E800D69078 /* Info.plist */,
			);
			path = HondaPreludeTests;
			sourceTree = "<group>";
		};
		E7F998DC235699F200D69078 /* Source */ = {
			isa = PBXGroup;
			children = (
				E7F998DE23569A3A00D69078 /* Apply.swift */,
				E7F998DF23569A3A00D69078 /* Compose.swift */,
				E7F998DD23569A3A00D69078 /* Curry.swift */,
			);
			path = Source;
			sourceTree = "<group>";
		};
/* End PBXGroup section */

/* Begin PBXHeadersBuildPhase section */
		E7F998BD235699E800D69078 /* Headers */ = {
			isa = PBXHeadersBuildPhase;
			buildActionMask = 2147483647;
			files = (
				E7F998D3235699E800D69078 /* HondaPrelude.h in Headers */,
			);
			runOnlyForDeploymentPostprocessing = 0;
		};
/* End PBXHeadersBuildPhase section */

/* Begin PBXNativeTarget section */
		E7F998C1235699E800D69078 /* HondaPrelude */ = {
			isa = PBXNativeTarget;
			buildConfigurationList = E7F998D6235699E800D69078 /* Build configuration list for PBXNativeTarget "HondaPrelude" */;
			buildPhases = (
				E7F998BD235699E800D69078 /* Headers */,
				E7F998BE235699E800D69078 /* Sources */,
				E7F998BF235699E800D69078 /* Frameworks */,
				E7F998C0235699E800D69078 /* Resources */,
			);
			buildRules = (
			);
			dependencies = (
			);
			name = HondaPrelude;
			productName = HondaPrelude;
			productReference = E7F998C2235699E800D69078 /* HondaPrelude.framework */;
			productType = "com.apple.product-type.framework";
		};
		E7F998CA235699E800D69078 /* HondaPreludeTests */ = {
			isa = PBXNativeTarget;
			buildConfigurationList = E7F998D9235699E800D69078 /* Build configuration list for PBXNativeTarget "HondaPreludeTests" */;
			buildPhases = (
				E7F998C7235699E800D69078 /* Sources */,
				E7F998C8235699E800D69078 /* Frameworks */,
				E7F998C9235699E800D69078 /* Resources */,
			);
			buildRules = (
			);
			dependencies = (
				E7F998CE235699E800D69078 /* PBXTargetDependency */,
			);
			name = HondaPreludeTests;
			productName = HondaPreludeTests;
			productReference = E7F998CB235699E800D69078 /* HondaPreludeTests.xctest */;
			productType = "com.apple.product-type.bundle.unit-test";
		};
/* End PBXNativeTarget section */

/* Begin PBXProject section */
		E7F998B9235699E700D69078 /* Project object */ = {
			isa = PBXProject;
			attributes = {
				LastSwiftUpdateCheck = 1110;
				LastUpgradeCheck = 1110;
				ORGANIZATIONNAME = "George Webster";
				TargetAttributes = {
					E7F998C1235699E800D69078 = {
						CreatedOnToolsVersion = 11.1;
						LastSwiftMigration = 1110;
					};
					E7F998CA235699E800D69078 = {
						CreatedOnToolsVersion = 11.1;
					};
				};
			};
			buildConfigurationList = E7F998BC235699E700D69078 /* Build configuration list for PBXProject "HondaPrelude" */;
			compatibilityVersion = "Xcode 9.3";
			developmentRegion = en;
			hasScannedForEncodings = 0;
			knownRegions = (
				en,
				Base,
			);
			mainGroup = E7F998B8235699E700D69078;
			productRefGroup = E7F998C3235699E800D69078 /* Products */;
			projectDirPath = "";
			projectRoot = "";
			targets = (
				E7F998C1235699E800D69078 /* HondaPrelude */,
				E7F998CA235699E800D69078 /* HondaPreludeTests */,
			);
		};
/* End PBXProject section */

/* Begin PBXResourcesBuildPhase section */
		E7F998C0235699E800D69078 /* Resources */ = {
			isa = PBXResourcesBuildPhase;
			buildActionMask = 2147483647;
			files = (
			);
			runOnlyForDeploymentPostprocessing = 0;
		};
		E7F998C9235699E800D69078 /* Resources */ = {
			isa = PBXResourcesBuildPhase;
			buildActionMask = 2147483647;
			files = (
			);
			runOnlyForDeploymentPostprocessing = 0;
		};
/* End PBXResourcesBuildPhase section */

/* Begin PBXSourcesBuildPhase section */
		E7F998BE235699E800D69078 /* Sources */ = {
			isa = PBXSourcesBuildPhase;
			buildActionMask = 2147483647;
			files = (
				E7F998E123569A3A00D69078 /* Apply.swift in Sources */,
				E7F998E223569A3A00D69078 /* Compose.swift in Sources */,
				E7F998E023569A3A00D69078 /* Curry.swift in Sources */,
			);
			runOnlyForDeploymentPostprocessing = 0;
		};
		E7F998C7235699E800D69078 /* Sources */ = {
			isa = PBXSourcesBuildPhase;
			buildActionMask = 2147483647;
			files = (
				E7F998D1235699E800D69078 /* HondaPreludeTests.swift in Sources */,
			);
			runOnlyForDeploymentPostprocessing = 0;
		};
/* End PBXSourcesBuildPhase section */

/* Begin PBXTargetDependency section */
		E7F998CE235699E800D69078 /* PBXTargetDependency */ = {
			isa = PBXTargetDependency;
			target = E7F998C1235699E800D69078 /* HondaPrelude */;
			targetProxy = E7F998CD235699E800D69078 /* PBXContainerItemProxy */;
		};
/* End PBXTargetDependency section */

/* Begin XCBuildConfiguration section */
		E7F998D4235699E800D69078 /* Debug */ = {
			isa = XCBuildConfiguration;
			buildSettings = {
				ALWAYS_SEARCH_USER_PATHS = NO;
				CLANG_ANALYZER_NONNULL = YES;
				CLANG_ANALYZER_NUMBER_OBJECT_CONVERSION = YES_AGGRESSIVE;
				CLANG_CXX_LANGUAGE_STANDARD = "gnu++14";
				CLANG_CXX_LIBRARY = "libc++";
				CLANG_ENABLE_MODULES = YES;
				CLANG_ENABLE_OBJC_ARC = YES;
				CLANG_ENABLE_OBJC_WEAK = YES;
				CLANG_WARN_BLOCK_CAPTURE_AUTORELEASING = YES;
				CLANG_WARN_BOOL_CONVERSION = YES;
				CLANG_WARN_COMMA = YES;
				CLANG_WARN_CONSTANT_CONVERSION = YES;
				CLANG_WARN_DEPRECATED_OBJC_IMPLEMENTATIONS = YES;
				CLANG_WARN_DIRECT_OBJC_ISA_USAGE = YES_ERROR;
				CLANG_WARN_DOCUMENTATION_COMMENTS = YES;
				CLANG_WARN_EMPTY_BODY = YES;
				CLANG_WARN_ENUM_CONVERSION = YES;
				CLANG_WARN_INFINITE_RECURSION = YES;
				CLANG_WARN_INT_CONVERSION = YES;
				CLANG_WARN_NON_LITERAL_NULL_CONVERSION = YES;
				CLANG_WARN_OBJC_IMPLICIT_RETAIN_SELF = YES;
				CLANG_WARN_OBJC_LITERAL_CONVERSION = YES;
				CLANG_WARN_OBJC_ROOT_CLASS = YES_ERROR;
				CLANG_WARN_RANGE_LOOP_ANALYSIS = YES;
				CLANG_WARN_STRICT_PROTOTYPES = YES;
				CLANG_WARN_SUSPICIOUS_MOVE = YES;
				CLANG_WARN_UNGUARDED_AVAILABILITY = YES_AGGRESSIVE;
				CLANG_WARN_UNREACHABLE_CODE = YES;
				CLANG_WARN__DUPLICATE_METHOD_MATCH = YES;
				COPY_PHASE_STRIP = NO;
				CURRENT_PROJECT_VERSION = 1;
				DEBUG_INFORMATION_FORMAT = dwarf;
				ENABLE_STRICT_OBJC_MSGSEND = YES;
				ENABLE_TESTABILITY = YES;
				GCC_C_LANGUAGE_STANDARD = gnu11;
				GCC_DYNAMIC_NO_PIC = NO;
				GCC_NO_COMMON_BLOCKS = YES;
				GCC_OPTIMIZATION_LEVEL = 0;
				GCC_PREPROCESSOR_DEFINITIONS = (
					"DEBUG=1",
					"$(inherited)",
				);
				GCC_WARN_64_TO_32_BIT_CONVERSION = YES;
				GCC_WARN_ABOUT_RETURN_TYPE = YES_ERROR;
				GCC_WARN_UNDECLARED_SELECTOR = YES;
				GCC_WARN_UNINITIALIZED_AUTOS = YES_AGGRESSIVE;
				GCC_WARN_UNUSED_FUNCTION = YES;
				GCC_WARN_UNUSED_VARIABLE = YES;
				IPHONEOS_DEPLOYMENT_TARGET = 13.1;
				MTL_ENABLE_DEBUG_INFO = INCLUDE_SOURCE;
				MTL_FAST_MATH = YES;
				ONLY_ACTIVE_ARCH = YES;
				SDKROOT = iphoneos;
				SWIFT_ACTIVE_COMPILATION_CONDITIONS = DEBUG;
				SWIFT_OPTIMIZATION_LEVEL = "-Onone";
				VERSIONING_SYSTEM = "apple-generic";
				VERSION_INFO_PREFIX = "";
			};
			name = Debug;
		};
		E7F998D5235699E800D69078 /* Release */ = {
			isa = XCBuildConfiguration;
			buildSettings = {
				ALWAYS_SEARCH_USER_PATHS = NO;
				CLANG_ANALYZER_NONNULL = YES;
				CLANG_ANALYZER_NUMBER_OBJECT_CONVERSION = YES_AGGRESSIVE;
				CLANG_CXX_LANGUAGE_STANDARD = "gnu++14";
				CLANG_CXX_LIBRARY = "libc++";
				CLANG_ENABLE_MODULES = YES;
				CLANG_ENABLE_OBJC_ARC = YES;
				CLANG_ENABLE_OBJC_WEAK = YES;
				CLANG_WARN_BLOCK_CAPTURE_AUTORELEASING = YES;
				CLANG_WARN_BOOL_CONVERSION = YES;
				CLANG_WARN_COMMA = YES;
				CLANG_WARN_CONSTANT_CONVERSION = YES;
				CLANG_WARN_DEPRECATED_OBJC_IMPLEMENTATIONS = YES;
				CLANG_WARN_DIRECT_OBJC_ISA_USAGE = YES_ERROR;
				CLANG_WARN_DOCUMENTATION_COMMENTS = YES;
				CLANG_WARN_EMPTY_BODY = YES;
				CLANG_WARN_ENUM_CONVERSION = YES;
				CLANG_WARN_INFINITE_RECURSION = YES;
				CLANG_WARN_INT_CONVERSION = YES;
				CLANG_WARN_NON_LITERAL_NULL_CONVERSION = YES;
				CLANG_WARN_OBJC_IMPLICIT_RETAIN_SELF = YES;
				CLANG_WARN_OBJC_LITERAL_CONVERSION = YES;
				CLANG_WARN_OBJC_ROOT_CLASS = YES_ERROR;
				CLANG_WARN_RANGE_LOOP_ANALYSIS = YES;
				CLANG_WARN_STRICT_PROTOTYPES = YES;
				CLANG_WARN_SUSPICIOUS_MOVE = YES;
				CLANG_WARN_UNGUARDED_AVAILABILITY = YES_AGGRESSIVE;
				CLANG_WARN_UNREACHABLE_CODE = YES;
				CLANG_WARN__DUPLICATE_METHOD_MATCH = YES;
				COPY_PHASE_STRIP = NO;
				CURRENT_PROJECT_VERSION = 1;
				DEBUG_INFORMATION_FORMAT = "dwarf-with-dsym";
				ENABLE_NS_ASSERTIONS = NO;
				ENABLE_STRICT_OBJC_MSGSEND = YES;
				GCC_C_LANGUAGE_STANDARD = gnu11;
				GCC_NO_COMMON_BLOCKS = YES;
				GCC_WARN_64_TO_32_BIT_CONVERSION = YES;
				GCC_WARN_ABOUT_RETURN_TYPE = YES_ERROR;
				GCC_WARN_UNDECLARED_SELECTOR = YES;
				GCC_WARN_UNINITIALIZED_AUTOS = YES_AGGRESSIVE;
				GCC_WARN_UNUSED_FUNCTION = YES;
				GCC_WARN_UNUSED_VARIABLE = YES;
				IPHONEOS_DEPLOYMENT_TARGET = 13.1;
				MTL_ENABLE_DEBUG_INFO = NO;
				MTL_FAST_MATH = YES;
				SDKROOT = iphoneos;
				SWIFT_COMPILATION_MODE = wholemodule;
				SWIFT_OPTIMIZATION_LEVEL = "-O";
				VALIDATE_PRODUCT = YES;
				VERSIONING_SYSTEM = "apple-generic";
				VERSION_INFO_PREFIX = "";
			};
			name = Release;
		};
		E7F998D7235699E800D69078 /* Debug */ = {
			isa = XCBuildConfiguration;
			buildSettings = {
				CLANG_ENABLE_MODULES = YES;
				CODE_SIGN_STYLE = Automatic;
				DEFINES_MODULE = YES;
				DYLIB_COMPATIBILITY_VERSION = 1;
				DYLIB_CURRENT_VERSION = 1;
				DYLIB_INSTALL_NAME_BASE = "@rpath";
				INFOPLIST_FILE = HondaPrelude/Info.plist;
				INSTALL_PATH = "$(LOCAL_LIBRARY_DIR)/Frameworks";
				LD_RUNPATH_SEARCH_PATHS = (
					"$(inherited)",
					"@executable_path/Frameworks",
					"@loader_path/Frameworks",
				);
				PRODUCT_BUNDLE_IDENTIFIER = com.ethyeal.HondaPrelude;
				PRODUCT_NAME = "$(TARGET_NAME:c99extidentifier)";
				SKIP_INSTALL = YES;
				SWIFT_OPTIMIZATION_LEVEL = "-Onone";
				SWIFT_VERSION = 5.0;
				TARGETED_DEVICE_FAMILY = "1,2";
			};
			name = Debug;
		};
		E7F998D8235699E800D69078 /* Release */ = {
			isa = XCBuildConfiguration;
			buildSettings = {
				CLANG_ENABLE_MODULES = YES;
				CODE_SIGN_STYLE = Automatic;
				DEFINES_MODULE = YES;
				DYLIB_COMPATIBILITY_VERSION = 1;
				DYLIB_CURRENT_VERSION = 1;
				DYLIB_INSTALL_NAME_BASE = "@rpath";
				INFOPLIST_FILE = HondaPrelude/Info.plist;
				INSTALL_PATH = "$(LOCAL_LIBRARY_DIR)/Frameworks";
				LD_RUNPATH_SEARCH_PATHS = (
					"$(inherited)",
					"@executable_path/Frameworks",
					"@loader_path/Frameworks",
				);
				PRODUCT_BUNDLE_IDENTIFIER = com.ethyeal.HondaPrelude;
				PRODUCT_NAME = "$(TARGET_NAME:c99extidentifier)";
				SKIP_INSTALL = YES;
				SWIFT_VERSION = 5.0;
				TARGETED_DEVICE_FAMILY = "1,2";
			};
			name = Release;
		};
		E7F998DA235699E800D69078 /* Debug */ = {
			isa = XCBuildConfiguration;
			buildSettings = {
				ALWAYS_EMBED_SWIFT_STANDARD_LIBRARIES = YES;
				CODE_SIGN_STYLE = Automatic;
				INFOPLIST_FILE = HondaPreludeTests/Info.plist;
				LD_RUNPATH_SEARCH_PATHS = (
					"$(inherited)",
					"@executable_path/Frameworks",
					"@loader_path/Frameworks",
				);
				PRODUCT_BUNDLE_IDENTIFIER = com.ethyeal.HondaPreludeTests;
				PRODUCT_NAME = "$(TARGET_NAME)";
				SWIFT_VERSION = 5.0;
				TARGETED_DEVICE_FAMILY = "1,2";
			};
			name = Debug;
		};
		E7F998DB235699E800D69078 /* Release */ = {
			isa = XCBuildConfiguration;
			buildSettings = {
				ALWAYS_EMBED_SWIFT_STANDARD_LIBRARIES = YES;
				CODE_SIGN_STYLE = Automatic;
				INFOPLIST_FILE = HondaPreludeTests/Info.plist;
				LD_RUNPATH_SEARCH_PATHS = (
					"$(inherited)",
					"@executable_path/Frameworks",
					"@loader_path/Frameworks",
				);
				PRODUCT_BUNDLE_IDENTIFIER = com.ethyeal.HondaPreludeTests;
				PRODUCT_NAME = "$(TARGET_NAME)";
				SWIFT_VERSION = 5.0;
				TARGETED_DEVICE_FAMILY = "1,2";
			};
			name = Release;
		};
/* End XCBuildConfiguration section */

/* Begin XCConfigurationList section */
		E7F998BC235699E700D69078 /* Build configuration list for PBXProject "HondaPrelude" */ = {
			isa = XCConfigurationList;
			buildConfigurations = (
				E7F998D4235699E800D69078 /* Debug */,
				E7F998D5235699E800D69078 /* Release */,
			);
			defaultConfigurationIsVisible = 0;
			defaultConfigurationName = Release;
		};
		E7F998D6235699E800D69078 /* Build configuration list for PBXNativeTarget "HondaPrelude" */ = {
			isa = XCConfigurationList;
			buildConfigurations = (
				E7F998D7235699E800D69078 /* Debug */,
				E7F998D8235699E800D69078 /* Release */,
			);
			defaultConfigurationIsVisible = 0;
			defaultConfigurationName = Release;
		};
		E7F998D9235699E800D69078 /* Build configuration list for PBXNativeTarget "HondaPreludeTests" */ = {
			isa = XCConfigurationList;
			buildConfigurations = (
				E7F998DA235699E800D69078 /* Debug */,
				E7F998DB235699E800D69078 /* Release */,
			);
			defaultConfigurationIsVisible = 0;
			defaultConfigurationName = Release;
		};
/* End XCConfigurationList section */
	};
	rootObject = E7F998B9235699E700D69078 /* Project object */;
}
